
Microsoft Visual Studio Solution File, Format Version 12.00
# Visual Studio Version 17
VisualStudioVersion = 17.4.33122.133
MinimumVisualStudioVersion = 10.0.40219.1
Project("{FAE04EC0-301F-11D3-BF4B-00C04F79EFBC}") = "Blockchain", "Blockchain\Blockchain.csproj", "{B0023776-0E0F-4305-8A24-403AAD1D4B51}"
EndProject
Project("{FAE04EC0-301F-11D3-BF4B-00C04F79EFBC}") = "BlockchainTests", "BlockchainTests\BlockchainTests.csproj", "{4E573474-43C7-4F7E-8E25-BEFA6BE73F1A}"
EndProject
Global
	GlobalSection(SolutionConfigurationPlatforms) = preSolution
		Debug|Any CPU = Debug|Any CPU
		Release|Any CPU = Release|Any CPU
	EndGlobalSection
	GlobalSection(ProjectConfigurationPlatforms) = postSolution
		{B0023776-0E0F-4305-8A24-403AAD1D4B51}.Debug|Any CPU.ActiveCfg = Debug|Any CPU
		{B0023776-0E0F-4305-8A24-403AAD1D4B51}.Debug|Any CPU.Build.0 = Debug|Any CPU
		{B0023776-0E0F-4305-8A24-403AAD1D4B51}.Release|Any CPU.ActiveCfg = Release|Any CPU
		{B0023776-0E0F-4305-8A24-403AAD1D4B51}.Release|Any CPU.Build.0 = Release|Any CPU
		{4E573474-43C7-4F7E-8E25-BEFA6BE73F1A}.Debug|Any CPU.ActiveCfg = Debug|Any CPU
		{4E573474-43C7-4F7E-8E25-BEFA6BE73F1A}.Debug|Any CPU.Build.0 = Debug|Any CPU
		{4E573474-43C7-4F7E-8E25-BEFA6BE73F1A}.Release|Any CPU.ActiveCfg = Release|Any CPU
		{4E573474-43C7-4F7E-8E25-BEFA6BE73F1A}.Release|Any CPU.Build.0 = Release|Any CPU
	EndGlobalSection
	GlobalSection(SolutionProperties) = preSolution
		HideSolutionNode = FALSE
	EndGlobalSection
	GlobalSection(ExtensibilityGlobals) = postSolution
		SolutionGuid = {44E9133E-79C9-4894-8244-DAC93F568ECA}
	EndGlobalSection
EndGlobal
